# This file is automatically @generated by Cargo.
# It is not intended for manual editing.
version = 3

[[package]]
name = "yak"
version = "0.1.0"
source = "git+https://github.com/adrianvillanueva997/yak-workshop?branch=main#4b2dde18cfaec98261e4f8db31dae9d00e63c0ac"

[[package]]
name = "yak_cli"
version = "0.1.0"
dependencies = [
 "yak",
]
